version = 1
requires-python = ">=3.12"

[[package]]
name = "audioplayeroscsync"
version = "0.1.0"
source = { virtual = "." }
dependencies = [
    { name = "python-osc" },
]

[package.metadata]
requires-dist = [{ name = "python-osc", specifier = ">=1.9.0" }]

[[package]]
name = "python-osc"
version = "1.9.0"
source = { registry = "https://pypi.org/simple" }
sdist = { url = "https://files.pythonhosted.org/packages/2f/c9/d529263be224e4e093f4f5903025c0014a3e8a35505d15d82660378b31ef/python_osc-1.9.0.tar.gz", hash = "sha256:ab50f66b1a19efd5bff722f26ab6450df19cdd84ba868f08c9a33e7c78514456", size = 33027 }
wheels = [
    { url = "https://files.pythonhosted.org/packages/2b/91/435d6a132c120136bcae4a6f3017c312acbbe41f31dc48568e9210928956/python_osc-1.9.0-py3-none-any.whl", hash = "sha256:4b16d8c4ae6a8a291037b2216a188d8654a4babe721387b8a37f89470b0c82c1", size = 43659 },
]
